PODS:
  - Alamofire (4.5.1)
  - GoogleMaps (2.5.0):
    - GoogleMaps/Maps (= 2.5.0)
  - GoogleMaps/Base (2.5.0)
  - GoogleMaps/Maps (2.5.0):
    - GoogleMaps/Base
  - SwiftyJSON (3.1.4)

DEPENDENCIES:
  - Alamofire
  - GoogleMaps
  - SwiftyJSON

SPEC CHECKSUMS:
  Alamofire: 2d95912bf4c34f164fdfc335872e8c312acaea4a
  GoogleMaps: c087b8e5dfe87ca6ebf59adb9b4894a4146bec4f
  SwiftyJSON: c2842d878f95482ffceec5709abc3d05680c0220

PODFILE CHECKSUM: 3e18d386401de493133d951a6c44c2c212c9d1ae

COCOAPODS: 1.2.1
